
Microsoft Visual Studio Solution File, Format Version 12.00
# Visual Studio Version 17
VisualStudioVersion = 17.2.32505.173
MinimumVisualStudioVersion = 10.0.40219.1
Project("{FAE04EC0-301F-11D3-BF4B-00C04F79EFBC}") = "WebApiDocument", "WebApiDocument\WebApiDocument.csproj", "{06B5C7E7-60D3-4BAB-9EBC-9681DABC45EE}"
EndProject
Project("{FAE04EC0-301F-11D3-BF4B-00C04F79EFBC}") = "DataLayer", "DataLayer\DataLayer.csproj", "{B8BF8C75-9940-43E8-85E4-9B0ED6728EE9}"
EndProject
Project("{FAE04EC0-301F-11D3-BF4B-00C04F79EFBC}") = "Models", "Models\Models.csproj", "{1C1D044F-23D6-482C-BEE7-358854811A71}"
EndProject
Project("{FAE04EC0-301F-11D3-BF4B-00C04F79EFBC}") = "Repositories", "Repositories\Repositories.csproj", "{5C0CD7A2-7C9E-45A6-A425-92E987B138E8}"
EndProject
Project("{FAE04EC0-301F-11D3-BF4B-00C04F79EFBC}") = "ViewModels", "ViewModels\ViewModels.csproj", "{B8CB50A0-2D04-478B-A506-AE8E4B956BEA}"
EndProject
Global
	GlobalSection(SolutionConfigurationPlatforms) = preSolution
		Debug|Any CPU = Debug|Any CPU
		Release|Any CPU = Release|Any CPU
	EndGlobalSection
	GlobalSection(ProjectConfigurationPlatforms) = postSolution
		{06B5C7E7-60D3-4BAB-9EBC-9681DABC45EE}.Debug|Any CPU.ActiveCfg = Debug|Any CPU
		{06B5C7E7-60D3-4BAB-9EBC-9681DABC45EE}.Debug|Any CPU.Build.0 = Debug|Any CPU
		{06B5C7E7-60D3-4BAB-9EBC-9681DABC45EE}.Release|Any CPU.ActiveCfg = Release|Any CPU
		{06B5C7E7-60D3-4BAB-9EBC-9681DABC45EE}.Release|Any CPU.Build.0 = Release|Any CPU
		{B8BF8C75-9940-43E8-85E4-9B0ED6728EE9}.Debug|Any CPU.ActiveCfg = Debug|Any CPU
		{B8BF8C75-9940-43E8-85E4-9B0ED6728EE9}.Debug|Any CPU.Build.0 = Debug|Any CPU
		{B8BF8C75-9940-43E8-85E4-9B0ED6728EE9}.Release|Any CPU.ActiveCfg = Release|Any CPU
		{B8BF8C75-9940-43E8-85E4-9B0ED6728EE9}.Release|Any CPU.Build.0 = Release|Any CPU
		{1C1D044F-23D6-482C-BEE7-358854811A71}.Debug|Any CPU.ActiveCfg = Debug|Any CPU
		{1C1D044F-23D6-482C-BEE7-358854811A71}.Debug|Any CPU.Build.0 = Debug|Any CPU
		{1C1D044F-23D6-482C-BEE7-358854811A71}.Release|Any CPU.ActiveCfg = Release|Any CPU
		{1C1D044F-23D6-482C-BEE7-358854811A71}.Release|Any CPU.Build.0 = Release|Any CPU
		{5C0CD7A2-7C9E-45A6-A425-92E987B138E8}.Debug|Any CPU.ActiveCfg = Debug|Any CPU
		{5C0CD7A2-7C9E-45A6-A425-92E987B138E8}.Debug|Any CPU.Build.0 = Debug|Any CPU
		{5C0CD7A2-7C9E-45A6-A425-92E987B138E8}.Release|Any CPU.ActiveCfg = Release|Any CPU
		{5C0CD7A2-7C9E-45A6-A425-92E987B138E8}.Release|Any CPU.Build.0 = Release|Any CPU
		{B8CB50A0-2D04-478B-A506-AE8E4B956BEA}.Debug|Any CPU.ActiveCfg = Debug|Any CPU
		{B8CB50A0-2D04-478B-A506-AE8E4B956BEA}.Debug|Any CPU.Build.0 = Debug|Any CPU
		{B8CB50A0-2D04-478B-A506-AE8E4B956BEA}.Release|Any CPU.ActiveCfg = Release|Any CPU
		{B8CB50A0-2D04-478B-A506-AE8E4B956BEA}.Release|Any CPU.Build.0 = Release|Any CPU
	EndGlobalSection
	GlobalSection(SolutionProperties) = preSolution
		HideSolutionNode = FALSE
	EndGlobalSection
	GlobalSection(ExtensibilityGlobals) = postSolution
		SolutionGuid = {B33B4F6B-7D42-4B09-912E-0BA3ED9ECCF0}
	EndGlobalSection
EndGlobal
